// !$*UTF8*$!
{
	archiveVersion = 1;
	classes = {
	};
	objectVersion = 46;
	objects = {

/* Begin PBXBuildFile section */
		90A6A041190C3A6C0086D4CF /* Foundation.framework in Frameworks */ = {isa = PBXBuildFile; fileRef = 90A6A040190C3A6C0086D4CF /* Foundation.framework */; };
		90A6A043190C3A6C0086D4CF /* CoreGraphics.framework in Frameworks */ = {isa = PBXBuildFile; fileRef = 90A6A042190C3A6C0086D4CF /* CoreGraphics.framework */; };
		90A6A045190C3A6C0086D4CF /* UIKit.framework in Frameworks */ = {isa = PBXBuildFile; fileRef = 90A6A044190C3A6C0086D4CF /* UIKit.framework */; };
		90A6A04B190C3A6C0086D4CF /* InfoPlist.strings in Resources */ = {isa = PBXBuildFile; fileRef = 90A6A049190C3A6C0086D4CF /* InfoPlist.strings */; };
		90A6A04D190C3A6C0086D4CF /* main.m in Sources */ = {isa = PBXBuildFile; fileRef = 90A6A04C190C3A6C0086D4CF /* main.m */; };
		90A6A051190C3A6C0086D4CF /* RMAppDelegate.m in Sources */ = {isa = PBXBuildFile; fileRef = 90A6A050190C3A6C0086D4CF /* RMAppDelegate.m */; };
		90A6A053190C3A6C0086D4CF /* Images.xcassets in Resources */ = {isa = PBXBuildFile; fileRef = 90A6A052190C3A6C0086D4CF /* Images.xcassets */; };
		90A6A05A190C3A6C0086D4CF /* XCTest.framework in Frameworks */ = {isa = PBXBuildFile; fileRef = 90A6A059190C3A6C0086D4CF /* XCTest.framework */; };
		90A6A05B190C3A6C0086D4CF /* Foundation.framework in Frameworks */ = {isa = PBXBuildFile; fileRef = 90A6A040190C3A6C0086D4CF /* Foundation.framework */; };
		90A6A05C190C3A6C0086D4CF /* UIKit.framework in Frameworks */ = {isa = PBXBuildFile; fileRef = 90A6A044190C3A6C0086D4CF /* UIKit.framework */; };
		90A6A064190C3A6C0086D4CF /* InfoPlist.strings in Resources */ = {isa = PBXBuildFile; fileRef = 90A6A062190C3A6C0086D4CF /* InfoPlist.strings */; };
		90A6A066190C3A6C0086D4CF /* RMYouTubeExtractorDemoTests.m in Sources */ = {isa = PBXBuildFile; fileRef = 90A6A065190C3A6C0086D4CF /* RMYouTubeExtractorDemoTests.m */; };
		90A6A072190C3A800086D4CF /* RMYouTubeExtractor.m in Sources */ = {isa = PBXBuildFile; fileRef = 90A6A071190C3A800086D4CF /* RMYouTubeExtractor.m */; };
		90A6A075190C3ED10086D4CF /* RMYouTubeExtractorDemoTableViewController.m in Sources */ = {isa = PBXBuildFile; fileRef = 90A6A074190C3ED10086D4CF /* RMYouTubeExtractorDemoTableViewController.m */; };
/* End PBXBuildFile section */

/* Begin PBXContainerItemProxy section */
		90A6A05D190C3A6C0086D4CF /* PBXContainerItemProxy */ = {
			isa = PBXContainerItemProxy;
			containerPortal = 90A6A035190C3A6C0086D4CF /* Project object */;
			proxyType = 1;
			remoteGlobalIDString = 90A6A03C190C3A6C0086D4CF;
			remoteInfo = RMYouTubeExtractorDemo;
		};
/* End PBXContainerItemProxy section */

/* Begin PBXFileReference section */
		90A6A03D190C3A6C0086D4CF /* RMYouTubeExtractorDemo.app */ = {isa = PBXFileReference; explicitFileType = wrapper.application; includeInIndex = 0; path = RMYouTubeExtractorDemo.app; sourceTree = BUILT_PRODUCTS_DIR; };
		90A6A040190C3A6C0086D4CF /* Foundation.framework */ = {isa = PBXFileReference; lastKnownFileType = wrapper.framework; name = Foundation.framework; path = System/Library/Frameworks/Foundation.framework; sourceTree = SDKROOT; };
		90A6A042190C3A6C0086D4CF /* CoreGraphics.framework */ = {isa = PBXFileReference; lastKnownFileType = wrapper.framework; name = CoreGraphics.framework; path = System/Library/Frameworks/CoreGraphics.framework; sourceTree = SDKROOT; };
		90A6A044190C3A6C0086D4CF /* UIKit.framework */ = {isa = PBXFileReference; lastKnownFileType = wrapper.framework; name = UIKit.framework; path = System/Library/Frameworks/UIKit.framework; sourceTree = SDKROOT; };
		90A6A048190C3A6C0086D4CF /* RMYouTubeExtractorDemo-Info.plist */ = {isa = PBXFileReference; lastKnownFileType = text.plist.xml; path = "RMYouTubeExtractorDemo-Info.plist"; sourceTree = "<group>"; };
		90A6A04A190C3A6C0086D4CF /* en */ = {isa = PBXFileReference; lastKnownFileType = text.plist.strings; name = en; path = en.lproj/InfoPlist.strings; sourceTree = "<group>"; };
		90A6A04C190C3A6C0086D4CF /* main.m */ = {isa = PBXFileReference; lastKnownFileType = sourcecode.c.objc; path = main.m; sourceTree = "<group>"; };
		90A6A04E190C3A6C0086D4CF /* RMYouTubeExtractorDemo-Prefix.pch */ = {isa = PBXFileReference; lastKnownFileType = sourcecode.c.h; path = "RMYouTubeExtractorDemo-Prefix.pch"; sourceTree = "<group>"; };
		90A6A04F190C3A6C0086D4CF /* RMAppDelegate.h */ = {isa = PBXFileReference; lastKnownFileType = sourcecode.c.h; path = RMAppDelegate.h; sourceTree = "<group>"; };
		90A6A050190C3A6C0086D4CF /* RMAppDelegate.m */ = {isa = PBXFileReference; lastKnownFileType = sourcecode.c.objc; path = RMAppDelegate.m; sourceTree = "<group>"; };
		90A6A052190C3A6C0086D4CF /* Images.xcassets */ = {isa = PBXFileReference; lastKnownFileType = folder.assetcatalog; path = Images.xcassets; sourceTree = "<group>"; };
		90A6A058190C3A6C0086D4CF /* RMYouTubeExtractorDemoTests.xctest */ = {isa = PBXFileReference; explicitFileType = wrapper.cfbundle; includeInIndex = 0; path = RMYouTubeExtractorDemoTests.xctest; sourceTree = BUILT_PRODUCTS_DIR; };
		90A6A059190C3A6C0086D4CF /* XCTest.framework */ = {isa = PBXFileReference; lastKnownFileType = wrapper.framework; name = XCTest.framework; path = Library/Frameworks/XCTest.framework; sourceTree = DEVELOPER_DIR; };
		90A6A061190C3A6C0086D4CF /* RMYouTubeExtractorDemoTests-Info.plist */ = {isa = PBXFileReference; lastKnownFileType = text.plist.xml; path = "RMYouTubeExtractorDemoTests-Info.plist"; sourceTree = "<group>"; };
		90A6A063190C3A6C0086D4CF /* en */ = {isa = PBXFileReference; lastKnownFileType = text.plist.strings; name = en; path = en.lproj/InfoPlist.strings; sourceTree = "<group>"; };
		90A6A065190C3A6C0086D4CF /* RMYouTubeExtractorDemoTests.m */ = {isa = PBXFileReference; lastKnownFileType = sourcecode.c.objc; path = RMYouTubeExtractorDemoTests.m; sourceTree = "<group>"; };
		90A6A070190C3A800086D4CF /* RMYouTubeExtractor.h */ = {isa = PBXFileReference; fileEncoding = 4; lastKnownFileType = sourcecode.c.h; path = RMYouTubeExtractor.h; sourceTree = "<group>"; };
		90A6A071190C3A800086D4CF /* RMYouTubeExtractor.m */ = {isa = PBXFileReference; fileEncoding = 4; lastKnownFileType = sourcecode.c.objc; path = RMYouTubeExtractor.m; sourceTree = "<group>"; };
		90A6A073190C3ED10086D4CF /* RMYouTubeExtractorDemoTableViewController.h */ = {isa = PBXFileReference; fileEncoding = 4; lastKnownFileType = sourcecode.c.h; path = RMYouTubeExtractorDemoTableViewController.h; sourceTree = "<group>"; };
		90A6A074190C3ED10086D4CF /* RMYouTubeExtractorDemoTableViewController.m */ = {isa = PBXFileReference; fileEncoding = 4; lastKnownFileType = sourcecode.c.objc; path = RMYouTubeExtractorDemoTableViewController.m; sourceTree = "<group>"; };
/* End PBXFileReference section */

/* Begin PBXFrameworksBuildPhase section */
		90A6A03A190C3A6C0086D4CF /* Frameworks */ = {
			isa = PBXFrameworksBuildPhase;
			buildActionMask = 2147483647;
			files = (
				90A6A043190C3A6C0086D4CF /* CoreGraphics.framework in Frameworks */,
				90A6A045190C3A6C0086D4CF /* UIKit.framework in Frameworks */,
				90A6A041190C3A6C0086D4CF /* Foundation.framework in Frameworks */,
			);
			runOnlyForDeploymentPostprocessing = 0;
		};
		90A6A055190C3A6C0086D4CF /* Frameworks */ = {
			isa = PBXFrameworksBuildPhase;
			buildActionMask = 2147483647;
			files = (
				90A6A05A190C3A6C0086D4CF /* XCTest.framework in Frameworks */,
				90A6A05C190C3A6C0086D4CF /* UIKit.framework in Frameworks */,
				90A6A05B190C3A6C0086D4CF /* Foundation.framework in Frameworks */,
			);
			runOnlyForDeploymentPostprocessing = 0;
		};
/* End PBXFrameworksBuildPhase section */

/* Begin PBXGroup section */
		90A6A034190C3A6C0086D4CF = {
			isa = PBXGroup;
			children = (
				90A6A046190C3A6C0086D4CF /* RMYouTubeExtractorDemo */,
				90A6A05F190C3A6C0086D4CF /* RMYouTubeExtractorDemoTests */,
				90A6A03F190C3A6C0086D4CF /* Frameworks */,
				90A6A03E190C3A6C0086D4CF /* Products */,
			);
			sourceTree = "<group>";
		};
		90A6A03E190C3A6C0086D4CF /* Products */ = {
			isa = PBXGroup;
			children = (
				90A6A03D190C3A6C0086D4CF /* RMYouTubeExtractorDemo.app */,
				90A6A058190C3A6C0086D4CF /* RMYouTubeExtractorDemoTests.xctest */,
			);
			name = Products;
			sourceTree = "<group>";
		};
		90A6A03F190C3A6C0086D4CF /* Frameworks */ = {
			isa = PBXGroup;
			children = (
				90A6A040190C3A6C0086D4CF /* Foundation.framework */,
				90A6A042190C3A6C0086D4CF /* CoreGraphics.framework */,
				90A6A044190C3A6C0086D4CF /* UIKit.framework */,
				90A6A059190C3A6C0086D4CF /* XCTest.framework */,
			);
			name = Frameworks;
			sourceTree = "<group>";
		};
		90A6A046190C3A6C0086D4CF /* RMYouTubeExtractorDemo */ = {
			isa = PBXGroup;
			children = (
				90A6A06F190C3A800086D4CF /* RMYouTubeExtractor */,
				90A6A04F190C3A6C0086D4CF /* RMAppDelegate.h */,
				90A6A050190C3A6C0086D4CF /* RMAppDelegate.m */,
				90A6A073190C3ED10086D4CF /* RMYouTubeExtractorDemoTableViewController.h */,
				90A6A074190C3ED10086D4CF /* RMYouTubeExtractorDemoTableViewController.m */,
				90A6A052190C3A6C0086D4CF /* Images.xcassets */,
				90A6A047190C3A6C0086D4CF /* Supporting Files */,
			);
			path = RMYouTubeExtractorDemo;
			sourceTree = "<group>";
		};
		90A6A047190C3A6C0086D4CF /* Supporting Files */ = {
			isa = PBXGroup;
			children = (
				90A6A048190C3A6C0086D4CF /* RMYouTubeExtractorDemo-Info.plist */,
				90A6A049190C3A6C0086D4CF /* InfoPlist.strings */,
				90A6A04C190C3A6C0086D4CF /* main.m */,
				90A6A04E190C3A6C0086D4CF /* RMYouTubeExtractorDemo-Prefix.pch */,
			);
			name = "Supporting Files";
			sourceTree = "<group>";
		};
		90A6A05F190C3A6C0086D4CF /* RMYouTubeExtractorDemoTests */ = {
			isa = PBXGroup;
			children = (
				90A6A065190C3A6C0086D4CF /* RMYouTubeExtractorDemoTests.m */,
				90A6A060190C3A6C0086D4CF /* Supporting Files */,
			);
			path = RMYouTubeExtractorDemoTests;
			sourceTree = "<group>";
		};
		90A6A060190C3A6C0086D4CF /* Supporting Files */ = {
			isa = PBXGroup;
			children = (
				90A6A061190C3A6C0086D4CF /* RMYouTubeExtractorDemoTests-Info.plist */,
				90A6A062190C3A6C0086D4CF /* InfoPlist.strings */,
			);
			name = "Supporting Files";
			sourceTree = "<group>";
		};
		90A6A06F190C3A800086D4CF /* RMYouTubeExtractor */ = {
			isa = PBXGroup;
			children = (
				90A6A070190C3A800086D4CF /* RMYouTubeExtractor.h */,
				90A6A071190C3A800086D4CF /* RMYouTubeExtractor.m */,
			);
			name = RMYouTubeExtractor;
			path = ../../RMYouTubeExtractor;
			sourceTree = "<group>";
		};
/* End PBXGroup section */

/* Begin PBXNativeTarget section */
		90A6A03C190C3A6C0086D4CF /* RMYouTubeExtractorDemo */ = {
			isa = PBXNativeTarget;
			buildConfigurationList = 90A6A069190C3A6C0086D4CF /* Build configuration list for PBXNativeTarget "RMYouTubeExtractorDemo" */;
			buildPhases = (
				90A6A039190C3A6C0086D4CF /* Sources */,
				90A6A03A190C3A6C0086D4CF /* Frameworks */,
				90A6A03B190C3A6C0086D4CF /* Resources */,
			);
			buildRules = (
			);
			dependencies = (
			);
			name = RMYouTubeExtractorDemo;
			productName = RMYouTubeExtractorDemo;
			productReference = 90A6A03D190C3A6C0086D4CF /* RMYouTubeExtractorDemo.app */;
			productType = "com.apple.product-type.application";
		};
		90A6A057190C3A6C0086D4CF /* RMYouTubeExtractorDemoTests */ = {
			isa = PBXNativeTarget;
			buildConfigurationList = 90A6A06C190C3A6C0086D4CF /* Build configuration list for PBXNativeTarget "RMYouTubeExtractorDemoTests" */;
			buildPhases = (
				90A6A054190C3A6C0086D4CF /* Sources */,
				90A6A055190C3A6C0086D4CF /* Frameworks */,
				90A6A056190C3A6C0086D4CF /* Resources */,
			);
			buildRules = (
			);
			dependencies = (
				90A6A05E190C3A6C0086D4CF /* PBXTargetDependency */,
			);
			name = RMYouTubeExtractorDemoTests;
			productName = RMYouTubeExtractorDemoTests;
			productReference = 90A6A058190C3A6C0086D4CF /* RMYouTubeExtractorDemoTests.xctest */;
			productType = "com.apple.product-type.bundle.unit-test";
		};
/* End PBXNativeTarget section */

/* Begin PBXProject section */
		90A6A035190C3A6C0086D4CF /* Project object */ = {
			isa = PBXProject;
			attributes = {
				CLASSPREFIX = RM;
				LastUpgradeCheck = 0510;
				ORGANIZATIONNAME = "The App Boutique";
				TargetAttributes = {
					90A6A057190C3A6C0086D4CF = {
						TestTargetID = 90A6A03C190C3A6C0086D4CF;
					};
				};
			};
			buildConfigurationList = 90A6A038190C3A6C0086D4CF /* Build configuration list for PBXProject "RMYouTubeExtractorDemo" */;
			compatibilityVersion = "Xcode 3.2";
			developmentRegion = English;
			hasScannedForEncodings = 0;
			knownRegions = (
				en,
			);
			mainGroup = 90A6A034190C3A6C0086D4CF;
			productRefGroup = 90A6A03E190C3A6C0086D4CF /* Products */;
			projectDirPath = "";
			projectRoot = "";
			targets = (
				90A6A03C190C3A6C0086D4CF /* RMYouTubeExtractorDemo */,
				90A6A057190C3A6C0086D4CF /* RMYouTubeExtractorDemoTests */,
			);
		};
/* End PBXProject section */

/* Begin PBXResourcesBuildPhase section */
		90A6A03B190C3A6C0086D4CF /* Resources */ = {
			isa = PBXResourcesBuildPhase;
			buildActionMask = 2147483647;
			files = (
				90A6A04B190C3A6C0086D4CF /* InfoPlist.strings in Resources */,
				90A6A053190C3A6C0086D4CF /* Images.xcassets in Resources */,
			);
			runOnlyForDeploymentPostprocessing = 0;
		};
		90A6A056190C3A6C0086D4CF /* Resources */ = {
			isa = PBXResourcesBuildPhase;
			buildActionMask = 2147483647;
			files = (
				90A6A064190C3A6C0086D4CF /* InfoPlist.strings in Resources */,
			);
			runOnlyForDeploymentPostprocessing = 0;
		};
/* End PBXResourcesBuildPhase section */

/* Begin PBXSourcesBuildPhase section */
		90A6A039190C3A6C0086D4CF /* Sources */ = {
			isa = PBXSourcesBuildPhase;
			buildActionMask = 2147483647;
			files = (
				90A6A04D190C3A6C0086D4CF /* main.m in Sources */,
				90A6A051190C3A6C0086D4CF /* RMAppDelegate.m in Sources */,
				90A6A075190C3ED10086D4CF /* RMYouTubeExtractorDemoTableViewController.m in Sources */,
				90A6A072190C3A800086D4CF /* RMYouTubeExtractor.m in Sources */,
			);
			runOnlyForDeploymentPostprocessing = 0;
		};
		90A6A054190C3A6C0086D4CF /* Sources */ = {
			isa = PBXSourcesBuildPhase;
			buildActionMask = 2147483647;
			files = (
				90A6A066190C3A6C0086D4CF /* RMYouTubeExtractorDemoTests.m in Sources */,
			);
			runOnlyForDeploymentPostprocessing = 0;
		};
/* End PBXSourcesBuildPhase section */

/* Begin PBXTargetDependency section */
		90A6A05E190C3A6C0086D4CF /* PBXTargetDependency */ = {
			isa = PBXTargetDependency;
			target = 90A6A03C190C3A6C0086D4CF /* RMYouTubeExtractorDemo */;
			targetProxy = 90A6A05D190C3A6C0086D4CF /* PBXContainerItemProxy */;
		};
/* End PBXTargetDependency section */

/* Begin PBXVariantGroup section */
		90A6A049190C3A6C0086D4CF /* InfoPlist.strings */ = {
			isa = PBXVariantGroup;
			children = (
				90A6A04A190C3A6C0086D4CF /* en */,
			);
			name = InfoPlist.strings;
			sourceTree = "<group>";
		};
		90A6A062190C3A6C0086D4CF /* InfoPlist.strings */ = {
			isa = PBXVariantGroup;
			children = (
				90A6A063190C3A6C0086D4CF /* en */,
			);
			name = InfoPlist.strings;
			sourceTree = "<group>";
		};
/* End PBXVariantGroup section */

/* Begin XCBuildConfiguration section */
		90A6A067190C3A6C0086D4CF /* Debug */ = {
			isa = XCBuildConfiguration;
			buildSettings = {
				ALWAYS_SEARCH_USER_PATHS = NO;
				CLANG_CXX_LANGUAGE_STANDARD = "gnu++0x";
				CLANG_CXX_LIBRARY = "libc++";
				CLANG_ENABLE_MODULES = YES;
				CLANG_ENABLE_OBJC_ARC = YES;
				CLANG_WARN_BOOL_CONVERSION = YES;
				CLANG_WARN_CONSTANT_CONVERSION = YES;
				CLANG_WARN_DIRECT_OBJC_ISA_USAGE = YES_ERROR;
				CLANG_WARN_EMPTY_BODY = YES;
				CLANG_WARN_ENUM_CONVERSION = YES;
				CLANG_WARN_INT_CONVERSION = YES;
				CLANG_WARN_OBJC_ROOT_CLASS = YES_ERROR;
				CLANG_WARN__DUPLICATE_METHOD_MATCH = YES;
				"CODE_SIGN_IDENTITY[sdk=iphoneos*]" = "iPhone Developer";
				COPY_PHASE_STRIP = NO;
				GCC_C_LANGUAGE_STANDARD = gnu99;
				GCC_DYNAMIC_NO_PIC = NO;
				GCC_OPTIMIZATION_LEVEL = 0;
				GCC_PREPROCESSOR_DEFINITIONS = (
					"DEBUG=1",
					"$(inherited)",
				);
				GCC_SYMBOLS_PRIVATE_EXTERN = NO;
				GCC_WARN_64_TO_32_BIT_CONVERSION = YES;
				GCC_WARN_ABOUT_RETURN_TYPE = YES_ERROR;
				GCC_WARN_UNDECLARED_SELECTOR = YES;
				GCC_WARN_UNINITIALIZED_AUTOS = YES_AGGRESSIVE;
				GCC_WARN_UNUSED_FUNCTION = YES;
				GCC_WARN_UNUSED_VARIABLE = YES;
				IPHONEOS_DEPLOYMENT_TARGET = 7.1;
				ONLY_ACTIVE_ARCH = YES;
				SDKROOT = iphoneos;
			};
			name = Debug;
		};
		90A6A068190C3A6C0086D4CF /* Release */ = {
			isa = XCBuildConfiguration;
			buildSettings = {
				ALWAYS_SEARCH_USER_PATHS = NO;
				CLANG_CXX_LANGUAGE_STANDARD = "gnu++0x";
				CLANG_CXX_LIBRARY = "libc++";
				CLANG_ENABLE_MODULES = YES;
				CLANG_ENABLE_OBJC_ARC = YES;
				CLANG_WARN_BOOL_CONVERSION = YES;
				CLANG_WARN_CONSTANT_CONVERSION = YES;
				CLANG_WARN_DIRECT_OBJC_ISA_USAGE = YES_ERROR;
				CLANG_WARN_EMPTY_BODY = YES;
				CLANG_WARN_ENUM_CONVERSION = YES;
				CLANG_WARN_INT_CONVERSION = YES;
				CLANG_WARN_OBJC_ROOT_CLASS = YES_ERROR;
				CLANG_WARN__DUPLICATE_METHOD_MATCH = YES;
				"CODE_SIGN_IDENTITY[sdk=iphoneos*]" = "iPhone Developer";
				COPY_PHASE_STRIP = YES;
				ENABLE_NS_ASSERTIONS = NO;
				GCC_C_LANGUAGE_STANDARD = gnu99;
				GCC_WARN_64_TO_32_BIT_CONVERSION = YES;
				GCC_WARN_ABOUT_RETURN_TYPE = YES_ERROR;
				GCC_WARN_UNDECLARED_SELECTOR = YES;
				GCC_WARN_UNINITIALIZED_AUTOS = YES_AGGRESSIVE;
				GCC_WARN_UNUSED_FUNCTION = YES;
				GCC_WARN_UNUSED_VARIABLE = YES;
				IPHONEOS_DEPLOYMENT_TARGET = 7.1;
				SDKROOT = iphoneos;
				VALIDATE_PRODUCT = YES;
			};
			name = Release;
		};
		90A6A06A190C3A6C0086D4CF /* Debug */ = {
			isa = XCBuildConfiguration;
			buildSettings = {
				ASSETCATALOG_COMPILER_APPICON_NAME = AppIcon;
				ASSETCATALOG_COMPILER_LAUNCHIMAGE_NAME = LaunchImage;
				GCC_PRECOMPILE_PREFIX_HEADER = YES;
				GCC_PREFIX_HEADER = "RMYouTubeExtractorDemo/RMYouTubeExtractorDemo-Prefix.pch";
				INFOPLIST_FILE = "RMYouTubeExtractorDemo/RMYouTubeExtractorDemo-Info.plist";
				PRODUCT_NAME = "$(TARGET_NAME)";
				WRAPPER_EXTENSION = app;
			};
			name = Debug;
		};
		90A6A06B190C3A6C0086D4CF /* Release */ = {
			isa = XCBuildConfiguration;
			buildSettings = {
				ASSETCATALOG_COMPILER_APPICON_NAME = AppIcon;
				ASSETCATALOG_COMPILER_LAUNCHIMAGE_NAME = LaunchImage;
				GCC_PRECOMPILE_PREFIX_HEADER = YES;
				GCC_PREFIX_HEADER = "RMYouTubeExtractorDemo/RMYouTubeExtractorDemo-Prefix.pch";
				INFOPLIST_FILE = "RMYouTubeExtractorDemo/RMYouTubeExtractorDemo-Info.plist";
				PRODUCT_NAME = "$(TARGET_NAME)";
				WRAPPER_EXTENSION = app;
			};
			name = Release;
		};
		90A6A06D190C3A6C0086D4CF /* Debug */ = {
			isa = XCBuildConfiguration;
			buildSettings = {
				BUNDLE_LOADER = "$(BUILT_PRODUCTS_DIR)/RMYouTubeExtractorDemo.app/RMYouTubeExtractorDemo";
				FRAMEWORK_SEARCH_PATHS = (
					"$(SDKROOT)/Developer/Library/Frameworks",
					"$(inherited)",
					"$(DEVELOPER_FRAMEWORKS_DIR)",
				);
				GCC_PRECOMPILE_PREFIX_HEADER = YES;
				GCC_PREFIX_HEADER = "RMYouTubeExtractorDemo/RMYouTubeExtractorDemo-Prefix.pch";
				GCC_PREPROCESSOR_DEFINITIONS = (
					"DEBUG=1",
					"$(inherited)",
				);
				INFOPLIST_FILE = "RMYouTubeExtractorDemoTests/RMYouTubeExtractorDemoTests-Info.plist";
				PRODUCT_NAME = "$(TARGET_NAME)";
				TEST_HOST = "$(BUNDLE_LOADER)";
				WRAPPER_EXTENSION = xctest;
			};
			name = Debug;
		};
		90A6A06E190C3A6C0086D4CF /* Release */ = {
			isa = XCBuildConfiguration;
			buildSettings = {
				BUNDLE_LOADER = "$(BUILT_PRODUCTS_DIR)/RMYouTubeExtractorDemo.app/RMYouTubeExtractorDemo";
				FRAMEWORK_SEARCH_PATHS = (
					"$(SDKROOT)/Developer/Library/Frameworks",
					"$(inherited)",
					"$(DEVELOPER_FRAMEWORKS_DIR)",
				);
				GCC_PRECOMPILE_PREFIX_HEADER = YES;
				GCC_PREFIX_HEADER = "RMYouTubeExtractorDemo/RMYouTubeExtractorDemo-Prefix.pch";
				INFOPLIST_FILE = "RMYouTubeExtractorDemoTests/RMYouTubeExtractorDemoTests-Info.plist";
				PRODUCT_NAME = "$(TARGET_NAME)";
				TEST_HOST = "$(BUNDLE_LOADER)";
				WRAPPER_EXTENSION = xctest;
			};
			name = Release;
		};
/* End XCBuildConfiguration section */

/* Begin XCConfigurationList section */
		90A6A038190C3A6C0086D4CF /* Build configuration list for PBXProject "RMYouTubeExtractorDemo" */ = {
			isa = XCConfigurationList;
			buildConfigurations = (
				90A6A067190C3A6C0086D4CF /* Debug */,
				90A6A068190C3A6C0086D4CF /* Release */,
			);
			defaultConfigurationIsVisible = 0;
			defaultConfigurationName = Release;
		};
		90A6A069190C3A6C0086D4CF /* Build configuration list for PBXNativeTarget "RMYouTubeExtractorDemo" */ = {
			isa = XCConfigurationList;
			buildConfigurations = (
				90A6A06A190C3A6C0086D4CF /* Debug */,
				90A6A06B190C3A6C0086D4CF /* Release */,
			);
			defaultConfigurationIsVisible = 0;
		};
		90A6A06C190C3A6C0086D4CF /* Build configuration list for PBXNativeTarget "RMYouTubeExtractorDemoTests" */ = {
			isa = XCConfigurationList;
			buildConfigurations = (
				90A6A06D190C3A6C0086D4CF /* Debug */,
				90A6A06E190C3A6C0086D4CF /* Release */,
			);
			defaultConfigurationIsVisible = 0;
		};
/* End XCConfigurationList section */
	};
	rootObject = 90A6A035190C3A6C0086D4CF /* Project object */;
}
